// !$*UTF8*$!
{
	archiveVersion = 1;
	classes = {
	};
	objectVersion = 56;
	objects = {

/* Begin PBXBuildFile section */
		364F4A85296B94B100BE87D1 /* AppDelegate.swift in Sources */ = {isa = PBXBuildFile; fileRef = 364F4A84296B94B100BE87D1 /* AppDelegate.swift */; };
		364F4A87296B94B100BE87D1 /* SceneDelegate.swift in Sources */ = {isa = PBXBuildFile; fileRef = 364F4A86296B94B100BE87D1 /* SceneDelegate.swift */; };
		364F4A89296B94B100BE87D1 /* ViewController.swift in Sources */ = {isa = PBXBuildFile; fileRef = 364F4A88296B94B100BE87D1 /* ViewController.swift */; };
		364F4A8C296B94B100BE87D1 /* Main.storyboard in Resources */ = {isa = PBXBuildFile; fileRef = 364F4A8A296B94B100BE87D1 /* Main.storyboard */; };
		364F4A8E296B94B200BE87D1 /* Assets.xcassets in Resources */ = {isa = PBXBuildFile; fileRef = 364F4A8D296B94B200BE87D1 /* Assets.xcassets */; };
		364F4A91296B94B200BE87D1 /* LaunchScreen.storyboard in Resources */ = {isa = PBXBuildFile; fileRef = 364F4A8F296B94B200BE87D1 /* LaunchScreen.storyboard */; };
		364F4A9C296B94B300BE87D1 /* GodPracticeTests.swift in Sources */ = {isa = PBXBuildFile; fileRef = 364F4A9B296B94B300BE87D1 /* GodPracticeTests.swift */; };
		364F4AA6296B94B300BE87D1 /* GodPracticeUITests.swift in Sources */ = {isa = PBXBuildFile; fileRef = 364F4AA5296B94B300BE87D1 /* GodPracticeUITests.swift */; };
		364F4AA8296B94B300BE87D1 /* GodPracticeUITestsLaunchTests.swift in Sources */ = {isa = PBXBuildFile; fileRef = 364F4AA7296B94B300BE87D1 /* GodPracticeUITestsLaunchTests.swift */; };
		364F4AB9296D346400BE87D1 /* IAPCenter.swift in Sources */ = {isa = PBXBuildFile; fileRef = 364F4AB8296D346400BE87D1 /* IAPCenter.swift */; };
		364F4ABD296D34BC00BE87D1 /* BaseViewController.swift in Sources */ = {isa = PBXBuildFile; fileRef = 364F4ABC296D34BC00BE87D1 /* BaseViewController.swift */; };
		364F4AC0296D34C300BE87D1 /* BaseCollectionViewController.swift in Sources */ = {isa = PBXBuildFile; fileRef = 364F4ABE296D34C300BE87D1 /* BaseCollectionViewController.swift */; };
		364F4AC1296D34C300BE87D1 /* CollectionViewAdapter.swift in Sources */ = {isa = PBXBuildFile; fileRef = 364F4ABF296D34C300BE87D1 /* CollectionViewAdapter.swift */; };
		364F4AC5296D34C900BE87D1 /* BaseTableViewController.swift in Sources */ = {isa = PBXBuildFile; fileRef = 364F4AC2296D34C900BE87D1 /* BaseTableViewController.swift */; };
		364F4AC6296D34C900BE87D1 /* TableViewAdapter.swift in Sources */ = {isa = PBXBuildFile; fileRef = 364F4AC3296D34C900BE87D1 /* TableViewAdapter.swift */; };
		364F4AC7296D34C900BE87D1 /* CellProtocol.swift in Sources */ = {isa = PBXBuildFile; fileRef = 364F4AC4296D34C900BE87D1 /* CellProtocol.swift */; };
		364F4ACA296D34DC00BE87D1 /* StackBottomBarView.swift in Sources */ = {isa = PBXBuildFile; fileRef = 364F4AC8296D34DC00BE87D1 /* StackBottomBarView.swift */; };
		364F4ACB296D34DC00BE87D1 /* SwiftButton.swift in Sources */ = {isa = PBXBuildFile; fileRef = 364F4AC9296D34DC00BE87D1 /* SwiftButton.swift */; };
		364F4ACD296D350E00BE87D1 /* UserInfoCenter.swift in Sources */ = {isa = PBXBuildFile; fileRef = 364F4ACC296D350E00BE87D1 /* UserInfoCenter.swift */; };
		364F4ACF296D362500BE87D1 /* SelectViewController.swift in Sources */ = {isa = PBXBuildFile; fileRef = 364F4ACE296D362500BE87D1 /* SelectViewController.swift */; };
		364F4AD1296D363600BE87D1 /* CodeModel.swift in Sources */ = {isa = PBXBuildFile; fileRef = 364F4AD0296D363600BE87D1 /* CodeModel.swift */; };
		364F4AD4296D365700BE87D1 /* SettingCell.swift in Sources */ = {isa = PBXBuildFile; fileRef = 364F4AD2296D365700BE87D1 /* SettingCell.swift */; };
		364F4AD5296D365700BE87D1 /* SettingCell.xib in Resources */ = {isa = PBXBuildFile; fileRef = 364F4AD3296D365700BE87D1 /* SettingCell.xib */; };
		364F4AD7296D387700BE87D1 /* KeyboardHelper.swift in Sources */ = {isa = PBXBuildFile; fileRef = 364F4AD6296D387700BE87D1 /* KeyboardHelper.swift */; };
		364F4AD9296D3BF200BE87D1 /* woodFish.mp3 in Resources */ = {isa = PBXBuildFile; fileRef = 364F4AD8296D3BF200BE87D1 /* woodFish.mp3 */; };
		364F4ADD296D3DCA00BE87D1 /* ring.mp3 in Resources */ = {isa = PBXBuildFile; fileRef = 364F4ADC296D3DCA00BE87D1 /* ring.mp3 */; };
		364F4ADF296D3F1A00BE87D1 /* inSin.mp3 in Resources */ = {isa = PBXBuildFile; fileRef = 364F4ADE296D3F1A00BE87D1 /* inSin.mp3 */; };
		364F4AE1296D3F4F00BE87D1 /* gong.mp3 in Resources */ = {isa = PBXBuildFile; fileRef = 364F4AE0296D3F4F00BE87D1 /* gong.mp3 */; };
		364F4AE3296D3FE700BE87D1 /* SettingViewController.swift in Sources */ = {isa = PBXBuildFile; fileRef = 364F4AE2296D3FE700BE87D1 /* SettingViewController.swift */; };
		364F4AE5296D4C4400BE87D1 /* LaunchviewController.swift in Sources */ = {isa = PBXBuildFile; fileRef = 364F4AE4296D4C4400BE87D1 /* LaunchviewController.swift */; };
		364F4AF3296EB76000BE87D1 /* board.mp3 in Resources */ = {isa = PBXBuildFile; fileRef = 364F4AEF296EB76000BE87D1 /* board.mp3 */; };
		364F4AF4296EB76000BE87D1 /* clock.mp3 in Resources */ = {isa = PBXBuildFile; fileRef = 364F4AF0296EB76000BE87D1 /* clock.mp3 */; };
		364F4AF5296EB76000BE87D1 /* traingle.mp3 in Resources */ = {isa = PBXBuildFile; fileRef = 364F4AF1296EB76000BE87D1 /* traingle.mp3 */; };
		364F4AF6296EB76000BE87D1 /* dotRing.mp3 in Resources */ = {isa = PBXBuildFile; fileRef = 364F4AF2296EB76000BE87D1 /* dotRing.mp3 */; };
		94FF7B32296D9D1B008D3C53 /* drum.mp3 in Resources */ = {isa = PBXBuildFile; fileRef = 94FF7B31296D9D1B008D3C53 /* drum.mp3 */; };
		94FF7B35296DA1CF008D3C53 /* StoreKit.framework in Frameworks */ = {isa = PBXBuildFile; fileRef = 94FF7B34296DA1CF008D3C53 /* StoreKit.framework */; };
/* End PBXBuildFile section */

/* Begin PBXContainerItemProxy section */
		364F4A98296B94B300BE87D1 /* PBXContainerItemProxy */ = {
			isa = PBXContainerItemProxy;
			containerPortal = 364F4A79296B94B100BE87D1 /* Project object */;
			proxyType = 1;
			remoteGlobalIDString = 364F4A80296B94B100BE87D1;
			remoteInfo = GodPractice;
		};
		364F4AA2296B94B300BE87D1 /* PBXContainerItemProxy */ = {
			isa = PBXContainerItemProxy;
			containerPortal = 364F4A79296B94B100BE87D1 /* Project object */;
			proxyType = 1;
			remoteGlobalIDString = 364F4A80296B94B100BE87D1;
			remoteInfo = GodPractice;
		};
/* End PBXContainerItemProxy section */

/* Begin PBXFileReference section */
		364F4A81296B94B100BE87D1 /* GodPractice.app */ = {isa = PBXFileReference; explicitFileType = wrapper.application; includeInIndex = 0; path = GodPractice.app; sourceTree = BUILT_PRODUCTS_DIR; };
		364F4A84296B94B100BE87D1 /* AppDelegate.swift */ = {isa = PBXFileReference; lastKnownFileType = sourcecode.swift; path = AppDelegate.swift; sourceTree = "<group>"; };
		364F4A86296B94B100BE87D1 /* SceneDelegate.swift */ = {isa = PBXFileReference; lastKnownFileType = sourcecode.swift; path = SceneDelegate.swift; sourceTree = "<group>"; };
		364F4A88296B94B100BE87D1 /* ViewController.swift */ = {isa = PBXFileReference; lastKnownFileType = sourcecode.swift; path = ViewController.swift; sourceTree = "<group>"; };
		364F4A8B296B94B100BE87D1 /* Base */ = {isa = PBXFileReference; lastKnownFileType = file.storyboard; name = Base; path = Base.lproj/Main.storyboard; sourceTree = "<group>"; };
		364F4A8D296B94B200BE87D1 /* Assets.xcassets */ = {isa = PBXFileReference; lastKnownFileType = folder.assetcatalog; path = Assets.xcassets; sourceTree = "<group>"; };
		364F4A90296B94B200BE87D1 /* Base */ = {isa = PBXFileReference; lastKnownFileType = file.storyboard; name = Base; path = Base.lproj/LaunchScreen.storyboard; sourceTree = "<group>"; };
		364F4A92296B94B200BE87D1 /* Info.plist */ = {isa = PBXFileReference; lastKnownFileType = text.plist.xml; path = Info.plist; sourceTree = "<group>"; };
		364F4A97296B94B300BE87D1 /* GodPracticeTests.xctest */ = {isa = PBXFileReference; explicitFileType = wrapper.cfbundle; includeInIndex = 0; path = GodPracticeTests.xctest; sourceTree = BUILT_PRODUCTS_DIR; };
		364F4A9B296B94B300BE87D1 /* GodPracticeTests.swift */ = {isa = PBXFileReference; lastKnownFileType = sourcecode.swift; path = GodPracticeTests.swift; sourceTree = "<group>"; };
		364F4AA1296B94B300BE87D1 /* GodPracticeUITests.xctest */ = {isa = PBXFileReference; explicitFileType = wrapper.cfbundle; includeInIndex = 0; path = GodPracticeUITests.xctest; sourceTree = BUILT_PRODUCTS_DIR; };
		364F4AA5296B94B300BE87D1 /* GodPracticeUITests.swift */ = {isa = PBXFileReference; lastKnownFileType = sourcecode.swift; path = GodPracticeUITests.swift; sourceTree = "<group>"; };
		364F4AA7296B94B300BE87D1 /* GodPracticeUITestsLaunchTests.swift */ = {isa = PBXFileReference; lastKnownFileType = sourcecode.swift; path = GodPracticeUITestsLaunchTests.swift; sourceTree = "<group>"; };
		364F4AB8296D346400BE87D1 /* IAPCenter.swift */ = {isa = PBXFileReference; fileEncoding = 4; lastKnownFileType = sourcecode.swift; path = IAPCenter.swift; sourceTree = "<group>"; };
		364F4ABC296D34BC00BE87D1 /* BaseViewController.swift */ = {isa = PBXFileReference; fileEncoding = 4; lastKnownFileType = sourcecode.swift; path = BaseViewController.swift; sourceTree = "<group>"; };
		364F4ABE296D34C300BE87D1 /* BaseCollectionViewController.swift */ = {isa = PBXFileReference; fileEncoding = 4; lastKnownFileType = sourcecode.swift; path = BaseCollectionViewController.swift; sourceTree = "<group>"; };
		364F4ABF296D34C300BE87D1 /* CollectionViewAdapter.swift */ = {isa = PBXFileReference; fileEncoding = 4; lastKnownFileType = sourcecode.swift; path = CollectionViewAdapter.swift; sourceTree = "<group>"; };
		364F4AC2296D34C900BE87D1 /* BaseTableViewController.swift */ = {isa = PBXFileReference; fileEncoding = 4; lastKnownFileType = sourcecode.swift; path = BaseTableViewController.swift; sourceTree = "<group>"; };
		364F4AC3296D34C900BE87D1 /* TableViewAdapter.swift */ = {isa = PBXFileReference; fileEncoding = 4; lastKnownFileType = sourcecode.swift; path = TableViewAdapter.swift; sourceTree = "<group>"; };
		364F4AC4296D34C900BE87D1 /* CellProtocol.swift */ = {isa = PBXFileReference; fileEncoding = 4; lastKnownFileType = sourcecode.swift; path = CellProtocol.swift; sourceTree = "<group>"; };
		364F4AC8296D34DC00BE87D1 /* StackBottomBarView.swift */ = {isa = PBXFileReference; fileEncoding = 4; lastKnownFileType = sourcecode.swift; path = StackBottomBarView.swift; sourceTree = "<group>"; };
		364F4AC9296D34DC00BE87D1 /* SwiftButton.swift */ = {isa = PBXFileReference; fileEncoding = 4; lastKnownFileType = sourcecode.swift; path = SwiftButton.swift; sourceTree = "<group>"; };
		364F4ACC296D350E00BE87D1 /* UserInfoCenter.swift */ = {isa = PBXFileReference; fileEncoding = 4; lastKnownFileType = sourcecode.swift; path = UserInfoCenter.swift; sourceTree = "<group>"; };
		364F4ACE296D362500BE87D1 /* SelectViewController.swift */ = {isa = PBXFileReference; fileEncoding = 4; lastKnownFileType = sourcecode.swift; path = SelectViewController.swift; sourceTree = "<group>"; };
		364F4AD0296D363600BE87D1 /* CodeModel.swift */ = {isa = PBXFileReference; fileEncoding = 4; lastKnownFileType = sourcecode.swift; path = CodeModel.swift; sourceTree = "<group>"; };
		364F4AD2296D365700BE87D1 /* SettingCell.swift */ = {isa = PBXFileReference; fileEncoding = 4; lastKnownFileType = sourcecode.swift; path = SettingCell.swift; sourceTree = "<group>"; };
		364F4AD3296D365700BE87D1 /* SettingCell.xib */ = {isa = PBXFileReference; fileEncoding = 4; lastKnownFileType = file.xib; path = SettingCell.xib; sourceTree = "<group>"; };
		364F4AD6296D387700BE87D1 /* KeyboardHelper.swift */ = {isa = PBXFileReference; fileEncoding = 4; lastKnownFileType = sourcecode.swift; path = KeyboardHelper.swift; sourceTree = "<group>"; };
		364F4AD8296D3BF200BE87D1 /* woodFish.mp3 */ = {isa = PBXFileReference; lastKnownFileType = audio.mp3; path = woodFish.mp3; sourceTree = "<group>"; };
		364F4ADC296D3DCA00BE87D1 /* ring.mp3 */ = {isa = PBXFileReference; lastKnownFileType = audio.mp3; path = ring.mp3; sourceTree = "<group>"; };
		364F4ADE296D3F1A00BE87D1 /* inSin.mp3 */ = {isa = PBXFileReference; lastKnownFileType = audio.mp3; path = inSin.mp3; sourceTree = "<group>"; };
		364F4AE0296D3F4F00BE87D1 /* gong.mp3 */ = {isa = PBXFileReference; lastKnownFileType = audio.mp3; path = gong.mp3; sourceTree = "<group>"; };
		364F4AE2296D3FE700BE87D1 /* SettingViewController.swift */ = {isa = PBXFileReference; fileEncoding = 4; lastKnownFileType = sourcecode.swift; path = SettingViewController.swift; sourceTree = "<group>"; };
		364F4AE4296D4C4400BE87D1 /* LaunchviewController.swift */ = {isa = PBXFileReference; fileEncoding = 4; lastKnownFileType = sourcecode.swift; path = LaunchviewController.swift; sourceTree = "<group>"; };
		364F4AEF296EB76000BE87D1 /* board.mp3 */ = {isa = PBXFileReference; lastKnownFileType = audio.mp3; path = board.mp3; sourceTree = "<group>"; };
		364F4AF0296EB76000BE87D1 /* clock.mp3 */ = {isa = PBXFileReference; lastKnownFileType = audio.mp3; path = clock.mp3; sourceTree = "<group>"; };
		364F4AF1296EB76000BE87D1 /* traingle.mp3 */ = {isa = PBXFileReference; lastKnownFileType = audio.mp3; path = traingle.mp3; sourceTree = "<group>"; };
		364F4AF2296EB76000BE87D1 /* dotRing.mp3 */ = {isa = PBXFileReference; lastKnownFileType = audio.mp3; path = dotRing.mp3; sourceTree = "<group>"; };
		94FF7B31296D9D1B008D3C53 /* drum.mp3 */ = {isa = PBXFileReference; lastKnownFileType = audio.mp3; path = drum.mp3; sourceTree = "<group>"; };
		94FF7B34296DA1CF008D3C53 /* StoreKit.framework */ = {isa = PBXFileReference; lastKnownFileType = wrapper.framework; name = StoreKit.framework; path = System/Library/Frameworks/StoreKit.framework; sourceTree = SDKROOT; };
/* End PBXFileReference section */

/* Begin PBXFrameworksBuildPhase section */
		364F4A7E296B94B100BE87D1 /* Frameworks */ = {
			isa = PBXFrameworksBuildPhase;
			buildActionMask = 2147483647;
			files = (
				94FF7B35296DA1CF008D3C53 /* StoreKit.framework in Frameworks */,
			);
			runOnlyForDeploymentPostprocessing = 0;
		};
		364F4A94296B94B300BE87D1 /* Frameworks */ = {
			isa = PBXFrameworksBuildPhase;
			buildActionMask = 2147483647;
			files = (
			);
			runOnlyForDeploymentPostprocessing = 0;
		};
		364F4A9E296B94B300BE87D1 /* Frameworks */ = {
			isa = PBXFrameworksBuildPhase;
			buildActionMask = 2147483647;
			files = (
			);
			runOnlyForDeploymentPostprocessing = 0;
		};
/* End PBXFrameworksBuildPhase section */

/* Begin PBXGroup section */
		364F4A78296B94B100BE87D1 = {
			isa = PBXGroup;
			children = (
				364F4A83296B94B100BE87D1 /* GodPractice */,
				364F4A9A296B94B300BE87D1 /* GodPracticeTests */,
				364F4AA4296B94B300BE87D1 /* GodPracticeUITests */,
				364F4A82296B94B100BE87D1 /* Products */,
				94FF7B33296DA1CF008D3C53 /* Frameworks */,
			);
			sourceTree = "<group>";
		};
		364F4A82296B94B100BE87D1 /* Products */ = {
			isa = PBXGroup;
			children = (
				364F4A81296B94B100BE87D1 /* GodPractice.app */,
				364F4A97296B94B300BE87D1 /* GodPracticeTests.xctest */,
				364F4AA1296B94B300BE87D1 /* GodPracticeUITests.xctest */,
			);
			name = Products;
			sourceTree = "<group>";
		};
		364F4A83296B94B100BE87D1 /* GodPractice */ = {
			isa = PBXGroup;
			children = (
				364F4A84296B94B100BE87D1 /* AppDelegate.swift */,
				364F4A86296B94B100BE87D1 /* SceneDelegate.swift */,
				364F4AEA296EADEE00BE87D1 /* CustomView */,
				364F4AE9296EADDE00BE87D1 /* Base */,
				364F4AE7296EADBA00BE87D1 /* Helper */,
				364F4AE6296EADA900BE87D1 /* Page */,
				364F4AED296EAE1500BE87D1 /* Cell */,
				364F4A8D296B94B200BE87D1 /* Assets.xcassets */,
				364F4A8F296B94B200BE87D1 /* LaunchScreen.storyboard */,
				364F4A92296B94B200BE87D1 /* Info.plist */,
				364F4AEE296EAE2300BE87D1 /* Music */,
			);
			path = GodPractice;
			sourceTree = "<group>";
		};
		364F4A9A296B94B300BE87D1 /* GodPracticeTests */ = {
			isa = PBXGroup;
			children = (
				364F4A9B296B94B300BE87D1 /* GodPracticeTests.swift */,
			);
			path = GodPracticeTests;
			sourceTree = "<group>";
		};
		364F4AA4296B94B300BE87D1 /* GodPracticeUITests */ = {
			isa = PBXGroup;
			children = (
				364F4AA5296B94B300BE87D1 /* GodPracticeUITests.swift */,
				364F4AA7296B94B300BE87D1 /* GodPracticeUITestsLaunchTests.swift */,
			);
			path = GodPracticeUITests;
			sourceTree = "<group>";
		};
		364F4AE6296EADA900BE87D1 /* Page */ = {
			isa = PBXGroup;
			children = (
				364F4A8A296B94B100BE87D1 /* Main.storyboard */,
				364F4AE4296D4C4400BE87D1 /* LaunchviewController.swift */,
				364F4A88296B94B100BE87D1 /* ViewController.swift */,
				364F4AE2296D3FE700BE87D1 /* SettingViewController.swift */,
				364F4ACE296D362500BE87D1 /* SelectViewController.swift */,
			);
			path = Page;
			sourceTree = "<group>";
		};
		364F4AE7296EADBA00BE87D1 /* Helper */ = {
			isa = PBXGroup;
			children = (
				364F4ACC296D350E00BE87D1 /* UserInfoCenter.swift */,
				364F4AB8296D346400BE87D1 /* IAPCenter.swift */,
				364F4AD6296D387700BE87D1 /* KeyboardHelper.swift */,
				364F4AE8296EADD100BE87D1 /* Model */,
			);
			path = Helper;
			sourceTree = "<group>";
		};
		364F4AE8296EADD100BE87D1 /* Model */ = {
			isa = PBXGroup;
			children = (
				364F4AD0296D363600BE87D1 /* CodeModel.swift */,
			);
			path = Model;
			sourceTree = "<group>";
		};
		364F4AE9296EADDE00BE87D1 /* Base */ = {
			isa = PBXGroup;
			children = (
				364F4ABC296D34BC00BE87D1 /* BaseViewController.swift */,
				364F4ABE296D34C300BE87D1 /* BaseCollectionViewController.swift */,
				364F4ABF296D34C300BE87D1 /* CollectionViewAdapter.swift */,
				364F4AC2296D34C900BE87D1 /* BaseTableViewController.swift */,
				364F4AC4296D34C900BE87D1 /* CellProtocol.swift */,
				364F4AC3296D34C900BE87D1 /* TableViewAdapter.swift */,
			);
			path = Base;
			sourceTree = "<group>";
		};
		364F4AEA296EADEE00BE87D1 /* CustomView */ = {
			isa = PBXGroup;
			children = (
				364F4AC8296D34DC00BE87D1 /* StackBottomBarView.swift */,
				364F4AC9296D34DC00BE87D1 /* SwiftButton.swift */,
			);
			path = CustomView;
			sourceTree = "<group>";
		};
		364F4AED296EAE1500BE87D1 /* Cell */ = {
			isa = PBXGroup;
			children = (
				364F4AD2296D365700BE87D1 /* SettingCell.swift */,
				364F4AD3296D365700BE87D1 /* SettingCell.xib */,
			);
			path = Cell;
			sourceTree = "<group>";
		};
		364F4AEE296EAE2300BE87D1 /* Music */ = {
			isa = PBXGroup;
			children = (
				364F4AEF296EB76000BE87D1 /* board.mp3 */,
				364F4AF0296EB76000BE87D1 /* clock.mp3 */,
				364F4AF2296EB76000BE87D1 /* dotRing.mp3 */,
				364F4AF1296EB76000BE87D1 /* traingle.mp3 */,
				364F4AD8296D3BF200BE87D1 /* woodFish.mp3 */,
				364F4ADC296D3DCA00BE87D1 /* ring.mp3 */,
				94FF7B31296D9D1B008D3C53 /* drum.mp3 */,
				364F4ADE296D3F1A00BE87D1 /* inSin.mp3 */,
				364F4AE0296D3F4F00BE87D1 /* gong.mp3 */,
			);
			path = Music;
			sourceTree = "<group>";
		};
		94FF7B33296DA1CF008D3C53 /* Frameworks */ = {
			isa = PBXGroup;
			children = (
				94FF7B34296DA1CF008D3C53 /* StoreKit.framework */,
			);
			name = Frameworks;
			sourceTree = "<group>";
		};
/* End PBXGroup section */

/* Begin PBXNativeTarget section */
		364F4A80296B94B100BE87D1 /* GodPractice */ = {
			isa = PBXNativeTarget;
			buildConfigurationList = 364F4AAB296B94B300BE87D1 /* Build configuration list for PBXNativeTarget "GodPractice" */;
			buildPhases = (
				364F4A7D296B94B100BE87D1 /* Sources */,
				364F4A7E296B94B100BE87D1 /* Frameworks */,
				364F4A7F296B94B100BE87D1 /* Resources */,
			);
			buildRules = (
			);
			dependencies = (
			);
			name = GodPractice;
			productName = GodPractice;
			productReference = 364F4A81296B94B100BE87D1 /* GodPractice.app */;
			productType = "com.apple.product-type.application";
		};
		364F4A96296B94B300BE87D1 /* GodPracticeTests */ = {
			isa = PBXNativeTarget;
			buildConfigurationList = 364F4AAE296B94B300BE87D1 /* Build configuration list for PBXNativeTarget "GodPracticeTests" */;
			buildPhases = (
				364F4A93296B94B300BE87D1 /* Sources */,
				364F4A94296B94B300BE87D1 /* Frameworks */,
				364F4A95296B94B300BE87D1 /* Resources */,
			);
			buildRules = (
			);
			dependencies = (
				364F4A99296B94B300BE87D1 /* PBXTargetDependency */,
			);
			name = GodPracticeTests;
			productName = GodPracticeTests;
			productReference = 364F4A97296B94B300BE87D1 /* GodPracticeTests.xctest */;
			productType = "com.apple.product-type.bundle.unit-test";
		};
		364F4AA0296B94B300BE87D1 /* GodPracticeUITests */ = {
			isa = PBXNativeTarget;
			buildConfigurationList = 364F4AB1296B94B300BE87D1 /* Build configuration list for PBXNativeTarget "GodPracticeUITests" */;
			buildPhases = (
				364F4A9D296B94B300BE87D1 /* Sources */,
				364F4A9E296B94B300BE87D1 /* Frameworks */,
				364F4A9F296B94B300BE87D1 /* Resources */,
			);
			buildRules = (
			);
			dependencies = (
				364F4AA3296B94B300BE87D1 /* PBXTargetDependency */,
			);
			name = GodPracticeUITests;
			productName = GodPracticeUITests;
			productReference = 364F4AA1296B94B300BE87D1 /* GodPracticeUITests.xctest */;
			productType = "com.apple.product-type.bundle.ui-testing";
		};
/* End PBXNativeTarget section */

/* Begin PBXProject section */
		364F4A79296B94B100BE87D1 /* Project object */ = {
			isa = PBXProject;
			attributes = {
				BuildIndependentTargetsInParallel = 1;
				LastSwiftUpdateCheck = 1420;
				LastUpgradeCheck = 1420;
				TargetAttributes = {
					364F4A80296B94B100BE87D1 = {
						CreatedOnToolsVersion = 14.2;
					};
					364F4A96296B94B300BE87D1 = {
						CreatedOnToolsVersion = 14.2;
						TestTargetID = 364F4A80296B94B100BE87D1;
					};
					364F4AA0296B94B300BE87D1 = {
						CreatedOnToolsVersion = 14.2;
						TestTargetID = 364F4A80296B94B100BE87D1;
					};
				};
			};
			buildConfigurationList = 364F4A7C296B94B100BE87D1 /* Build configuration list for PBXProject "GodPractice" */;
			compatibilityVersion = "Xcode 14.0";
			developmentRegion = en;
			hasScannedForEncodings = 0;
			knownRegions = (
				en,
				Base,
			);
			mainGroup = 364F4A78296B94B100BE87D1;
			productRefGroup = 364F4A82296B94B100BE87D1 /* Products */;
			projectDirPath = "";
			projectRoot = "";
			targets = (
				364F4A80296B94B100BE87D1 /* GodPractice */,
				364F4A96296B94B300BE87D1 /* GodPracticeTests */,
				364F4AA0296B94B300BE87D1 /* GodPracticeUITests */,
			);
		};
/* End PBXProject section */

/* Begin PBXResourcesBuildPhase section */
		364F4A7F296B94B100BE87D1 /* Resources */ = {
			isa = PBXResourcesBuildPhase;
			buildActionMask = 2147483647;
			files = (
				364F4A91296B94B200BE87D1 /* LaunchScreen.storyboard in Resources */,
				364F4AF6296EB76000BE87D1 /* dotRing.mp3 in Resources */,
				364F4AF4296EB76000BE87D1 /* clock.mp3 in Resources */,
				364F4A8E296B94B200BE87D1 /* Assets.xcassets in Resources */,
				364F4AD5296D365700BE87D1 /* SettingCell.xib in Resources */,
				364F4AF5296EB76000BE87D1 /* traingle.mp3 in Resources */,
				364F4AF3296EB76000BE87D1 /* board.mp3 in Resources */,
				364F4AD9296D3BF200BE87D1 /* woodFish.mp3 in Resources */,
				94FF7B32296D9D1B008D3C53 /* drum.mp3 in Resources */,
				364F4AE1296D3F4F00BE87D1 /* gong.mp3 in Resources */,
				364F4ADD296D3DCA00BE87D1 /* ring.mp3 in Resources */,
				364F4ADF296D3F1A00BE87D1 /* inSin.mp3 in Resources */,
				364F4A8C296B94B100BE87D1 /* Main.storyboard in Resources */,
			);
			runOnlyForDeploymentPostprocessing = 0;
		};
		364F4A95296B94B300BE87D1 /* Resources */ = {
			isa = PBXResourcesBuildPhase;
			buildActionMask = 2147483647;
			files = (
			);
			runOnlyForDeploymentPostprocessing = 0;
		};
		364F4A9F296B94B300BE87D1 /* Resources */ = {
			isa = PBXResourcesBuildPhase;
			buildActionMask = 2147483647;
			files = (
			);
			runOnlyForDeploymentPostprocessing = 0;
		};
/* End PBXResourcesBuildPhase section */

/* Begin PBXSourcesBuildPhase section */
		364F4A7D296B94B100BE87D1 /* Sources */ = {
			isa = PBXSourcesBuildPhase;
			buildActionMask = 2147483647;
			files = (
				364F4ABD296D34BC00BE87D1 /* BaseViewController.swift in Sources */,
				364F4AD1296D363600BE87D1 /* CodeModel.swift in Sources */,
				364F4AC1296D34C300BE87D1 /* CollectionViewAdapter.swift in Sources */,
				364F4AC5296D34C900BE87D1 /* BaseTableViewController.swift in Sources */,
				364F4A89296B94B100BE87D1 /* ViewController.swift in Sources */,
				364F4AE3296D3FE700BE87D1 /* SettingViewController.swift in Sources */,
				364F4AB9296D346400BE87D1 /* IAPCenter.swift in Sources */,
				364F4AD7296D387700BE87D1 /* KeyboardHelper.swift in Sources */,
				364F4ACB296D34DC00BE87D1 /* SwiftButton.swift in Sources */,
				364F4AC6296D34C900BE87D1 /* TableViewAdapter.swift in Sources */,
				364F4AC0296D34C300BE87D1 /* BaseCollectionViewController.swift in Sources */,
				364F4ACD296D350E00BE87D1 /* UserInfoCenter.swift in Sources */,
				364F4AD4296D365700BE87D1 /* SettingCell.swift in Sources */,
				364F4ACA296D34DC00BE87D1 /* StackBottomBarView.swift in Sources */,
				364F4ACF296D362500BE87D1 /* SelectViewController.swift in Sources */,
				364F4AE5296D4C4400BE87D1 /* LaunchviewController.swift in Sources */,
				364F4A85296B94B100BE87D1 /* AppDelegate.swift in Sources */,
				364F4A87296B94B100BE87D1 /* SceneDelegate.swift in Sources */,
				364F4AC7296D34C900BE87D1 /* CellProtocol.swift in Sources */,
			);
			runOnlyForDeploymentPostprocessing = 0;
		};
		364F4A93296B94B300BE87D1 /* Sources */ = {
			isa = PBXSourcesBuildPhase;
			buildActionMask = 2147483647;
			files = (
				364F4A9C296B94B300BE87D1 /* GodPracticeTests.swift in Sources */,
			);
			runOnlyForDeploymentPostprocessing = 0;
		};
		364F4A9D296B94B300BE87D1 /* Sources */ = {
			isa = PBXSourcesBuildPhase;
			buildActionMask = 2147483647;
			files = (
				364F4AA8296B94B300BE87D1 /* GodPracticeUITestsLaunchTests.swift in Sources */,
				364F4AA6296B94B300BE87D1 /* GodPracticeUITests.swift in Sources */,
			);
			runOnlyForDeploymentPostprocessing = 0;
		};
/* End PBXSourcesBuildPhase section */

/* Begin PBXTargetDependency section */
		364F4A99296B94B300BE87D1 /* PBXTargetDependency */ = {
			isa = PBXTargetDependency;
			target = 364F4A80296B94B100BE87D1 /* GodPractice */;
			targetProxy = 364F4A98296B94B300BE87D1 /* PBXContainerItemProxy */;
		};
		364F4AA3296B94B300BE87D1 /* PBXTargetDependency */ = {
			isa = PBXTargetDependency;
			target = 364F4A80296B94B100BE87D1 /* GodPractice */;
			targetProxy = 364F4AA2296B94B300BE87D1 /* PBXContainerItemProxy */;
		};
/* End PBXTargetDependency section */

/* Begin PBXVariantGroup section */
		364F4A8A296B94B100BE87D1 /* Main.storyboard */ = {
			isa = PBXVariantGroup;
			children = (
				364F4A8B296B94B100BE87D1 /* Base */,
			);
			name = Main.storyboard;
			sourceTree = "<group>";
		};
		364F4A8F296B94B200BE87D1 /* LaunchScreen.storyboard */ = {
			isa = PBXVariantGroup;
			children = (
				364F4A90296B94B200BE87D1 /* Base */,
			);
			name = LaunchScreen.storyboard;
			sourceTree = "<group>";
		};
/* End PBXVariantGroup section */

/* Begin XCBuildConfiguration section */
		364F4AA9296B94B300BE87D1 /* Debug */ = {
			isa = XCBuildConfiguration;
			buildSettings = {
				ALWAYS_SEARCH_USER_PATHS = NO;
				CLANG_ANALYZER_NONNULL = YES;
				CLANG_ANALYZER_NUMBER_OBJECT_CONVERSION = YES_AGGRESSIVE;
				CLANG_CXX_LANGUAGE_STANDARD = "gnu++20";
				CLANG_ENABLE_MODULES = YES;
				CLANG_ENABLE_OBJC_ARC = YES;
				CLANG_ENABLE_OBJC_WEAK = YES;
				CLANG_WARN_BLOCK_CAPTURE_AUTORELEASING = YES;
				CLANG_WARN_BOOL_CONVERSION = YES;
				CLANG_WARN_COMMA = YES;
				CLANG_WARN_CONSTANT_CONVERSION = YES;
				CLANG_WARN_DEPRECATED_OBJC_IMPLEMENTATIONS = YES;
				CLANG_WARN_DIRECT_OBJC_ISA_USAGE = YES_ERROR;
				CLANG_WARN_DOCUMENTATION_COMMENTS = YES;
				CLANG_WARN_EMPTY_BODY = YES;
				CLANG_WARN_ENUM_CONVERSION = YES;
				CLANG_WARN_INFINITE_RECURSION = YES;
				CLANG_WARN_INT_CONVERSION = YES;
				CLANG_WARN_NON_LITERAL_NULL_CONVERSION = YES;
				CLANG_WARN_OBJC_IMPLICIT_RETAIN_SELF = YES;
				CLANG_WARN_OBJC_LITERAL_CONVERSION = YES;
				CLANG_WARN_OBJC_ROOT_CLASS = YES_ERROR;
				CLANG_WARN_QUOTED_INCLUDE_IN_FRAMEWORK_HEADER = YES;
				CLANG_WARN_RANGE_LOOP_ANALYSIS = YES;
				CLANG_WARN_STRICT_PROTOTYPES = YES;
				CLANG_WARN_SUSPICIOUS_MOVE = YES;
				CLANG_WARN_UNGUARDED_AVAILABILITY = YES_AGGRESSIVE;
				CLANG_WARN_UNREACHABLE_CODE = YES;
				CLANG_WARN__DUPLICATE_METHOD_MATCH = YES;
				COPY_PHASE_STRIP = NO;
				DEBUG_INFORMATION_FORMAT = dwarf;
				ENABLE_STRICT_OBJC_MSGSEND = YES;
				ENABLE_TESTABILITY = YES;
				GCC_C_LANGUAGE_STANDARD = gnu11;
				GCC_DYNAMIC_NO_PIC = NO;
				GCC_NO_COMMON_BLOCKS = YES;
				GCC_OPTIMIZATION_LEVEL = 0;
				GCC_PREPROCESSOR_DEFINITIONS = (
					"DEBUG=1",
					"$(inherited)",
				);
				GCC_WARN_64_TO_32_BIT_CONVERSION = YES;
				GCC_WARN_ABOUT_RETURN_TYPE = YES_ERROR;
				GCC_WARN_UNDECLARED_SELECTOR = YES;
				GCC_WARN_UNINITIALIZED_AUTOS = YES_AGGRESSIVE;
				GCC_WARN_UNUSED_FUNCTION = YES;
				GCC_WARN_UNUSED_VARIABLE = YES;
				IPHONEOS_DEPLOYMENT_TARGET = 16.2;
				MTL_ENABLE_DEBUG_INFO = INCLUDE_SOURCE;
				MTL_FAST_MATH = YES;
				ONLY_ACTIVE_ARCH = YES;
				SDKROOT = iphoneos;
				SWIFT_ACTIVE_COMPILATION_CONDITIONS = DEBUG;
				SWIFT_OPTIMIZATION_LEVEL = "-Onone";
			};
			name = Debug;
		};
		364F4AAA296B94B300BE87D1 /* Release */ = {
			isa = XCBuildConfiguration;
			buildSettings = {
				ALWAYS_SEARCH_USER_PATHS = NO;
				CLANG_ANALYZER_NONNULL = YES;
				CLANG_ANALYZER_NUMBER_OBJECT_CONVERSION = YES_AGGRESSIVE;
				CLANG_CXX_LANGUAGE_STANDARD = "gnu++20";
				CLANG_ENABLE_MODULES = YES;
				CLANG_ENABLE_OBJC_ARC = YES;
				CLANG_ENABLE_OBJC_WEAK = YES;
				CLANG_WARN_BLOCK_CAPTURE_AUTORELEASING = YES;
				CLANG_WARN_BOOL_CONVERSION = YES;
				CLANG_WARN_COMMA = YES;
				CLANG_WARN_CONSTANT_CONVERSION = YES;
				CLANG_WARN_DEPRECATED_OBJC_IMPLEMENTATIONS = YES;
				CLANG_WARN_DIRECT_OBJC_ISA_USAGE = YES_ERROR;
				CLANG_WARN_DOCUMENTATION_COMMENTS = YES;
				CLANG_WARN_EMPTY_BODY = YES;
				CLANG_WARN_ENUM_CONVERSION = YES;
				CLANG_WARN_INFINITE_RECURSION = YES;
				CLANG_WARN_INT_CONVERSION = YES;
				CLANG_WARN_NON_LITERAL_NULL_CONVERSION = YES;
				CLANG_WARN_OBJC_IMPLICIT_RETAIN_SELF = YES;
				CLANG_WARN_OBJC_LITERAL_CONVERSION = YES;
				CLANG_WARN_OBJC_ROOT_CLASS = YES_ERROR;
				CLANG_WARN_QUOTED_INCLUDE_IN_FRAMEWORK_HEADER = YES;
				CLANG_WARN_RANGE_LOOP_ANALYSIS = YES;
				CLANG_WARN_STRICT_PROTOTYPES = YES;
				CLANG_WARN_SUSPICIOUS_MOVE = YES;
				CLANG_WARN_UNGUARDED_AVAILABILITY = YES_AGGRESSIVE;
				CLANG_WARN_UNREACHABLE_CODE = YES;
				CLANG_WARN__DUPLICATE_METHOD_MATCH = YES;
				COPY_PHASE_STRIP = NO;
				DEBUG_INFORMATION_FORMAT = "dwarf-with-dsym";
				ENABLE_NS_ASSERTIONS = NO;
				ENABLE_STRICT_OBJC_MSGSEND = YES;
				GCC_C_LANGUAGE_STANDARD = gnu11;
				GCC_NO_COMMON_BLOCKS = YES;
				GCC_WARN_64_TO_32_BIT_CONVERSION = YES;
				GCC_WARN_ABOUT_RETURN_TYPE = YES_ERROR;
				GCC_WARN_UNDECLARED_SELECTOR = YES;
				GCC_WARN_UNINITIALIZED_AUTOS = YES_AGGRESSIVE;
				GCC_WARN_UNUSED_FUNCTION = YES;
				GCC_WARN_UNUSED_VARIABLE = YES;
				IPHONEOS_DEPLOYMENT_TARGET = 16.2;
				MTL_ENABLE_DEBUG_INFO = NO;
				MTL_FAST_MATH = YES;
				SDKROOT = iphoneos;
				SWIFT_COMPILATION_MODE = wholemodule;
				SWIFT_OPTIMIZATION_LEVEL = "-O";
				VALIDATE_PRODUCT = YES;
			};
			name = Release;
		};
		364F4AAC296B94B300BE87D1 /* Debug */ = {
			isa = XCBuildConfiguration;
			buildSettings = {
				ASSETCATALOG_COMPILER_APPICON_NAME = AppIcon;
				ASSETCATALOG_COMPILER_GLOBAL_ACCENT_COLOR_NAME = AccentColor;
				CODE_SIGN_IDENTITY = "Apple Development";
				CODE_SIGN_STYLE = Automatic;
				CURRENT_PROJECT_VERSION = 0;
				DEVELOPMENT_TEAM = NZT54R9366;
				GENERATE_INFOPLIST_FILE = YES;
				INFOPLIST_FILE = GodPractice/Info.plist;
				INFOPLIST_KEY_CFBundleDisplayName = "木魚模擬器";
				INFOPLIST_KEY_UIApplicationSupportsIndirectInputEvents = YES;
				INFOPLIST_KEY_UILaunchStoryboardName = LaunchScreen;
				INFOPLIST_KEY_UIMainStoryboardFile = Main;
				INFOPLIST_KEY_UISupportedInterfaceOrientations_iPad = "UIInterfaceOrientationPortrait UIInterfaceOrientationPortraitUpsideDown UIInterfaceOrientationLandscapeLeft UIInterfaceOrientationLandscapeRight";
				INFOPLIST_KEY_UISupportedInterfaceOrientations_iPhone = "UIInterfaceOrientationPortrait UIInterfaceOrientationLandscapeLeft UIInterfaceOrientationLandscapeRight";
				IPHONEOS_DEPLOYMENT_TARGET = 15.0;
				LD_RUNPATH_SEARCH_PATHS = (
					"$(inherited)",
					"@executable_path/Frameworks",
				);
				MARKETING_VERSION = 1.0;
				PRODUCT_BUNDLE_IDENTIFIER = "tw.com.annaBegg.GodPractice-";
				PRODUCT_NAME = "$(TARGET_NAME)";
				PROVISIONING_PROFILE_SPECIFIER = "";
				SUPPORTED_PLATFORMS = "iphoneos iphonesimulator";
				SUPPORTS_MACCATALYST = NO;
				SUPPORTS_MAC_DESIGNED_FOR_IPHONE_IPAD = NO;
				SWIFT_EMIT_LOC_STRINGS = YES;
				SWIFT_VERSION = 5.0;
				TARGETED_DEVICE_FAMILY = 1;
			};
			name = Debug;
		};
		364F4AAD296B94B300BE87D1 /* Release */ = {
			isa = XCBuildConfiguration;
			buildSettings = {
				ASSETCATALOG_COMPILER_APPICON_NAME = AppIcon;
				ASSETCATALOG_COMPILER_GLOBAL_ACCENT_COLOR_NAME = AccentColor;
				CODE_SIGN_IDENTITY = "Apple Development";
				CODE_SIGN_STYLE = Automatic;
				CURRENT_PROJECT_VERSION = 0;
				DEVELOPMENT_TEAM = NZT54R9366;
				GENERATE_INFOPLIST_FILE = YES;
				INFOPLIST_FILE = GodPractice/Info.plist;
				INFOPLIST_KEY_CFBundleDisplayName = "木魚模擬器";
				INFOPLIST_KEY_UIApplicationSupportsIndirectInputEvents = YES;
				INFOPLIST_KEY_UILaunchStoryboardName = LaunchScreen;
				INFOPLIST_KEY_UIMainStoryboardFile = Main;
				INFOPLIST_KEY_UISupportedInterfaceOrientations_iPad = "UIInterfaceOrientationPortrait UIInterfaceOrientationPortraitUpsideDown UIInterfaceOrientationLandscapeLeft UIInterfaceOrientationLandscapeRight";
				INFOPLIST_KEY_UISupportedInterfaceOrientations_iPhone = "UIInterfaceOrientationPortrait UIInterfaceOrientationLandscapeLeft UIInterfaceOrientationLandscapeRight";
				IPHONEOS_DEPLOYMENT_TARGET = 15.0;
				LD_RUNPATH_SEARCH_PATHS = (
					"$(inherited)",
					"@executable_path/Frameworks",
				);
				MARKETING_VERSION = 1.0;
				PRODUCT_BUNDLE_IDENTIFIER = "tw.com.annaBegg.GodPractice-";
				PRODUCT_NAME = "$(TARGET_NAME)";
				PROVISIONING_PROFILE_SPECIFIER = "";
				SUPPORTED_PLATFORMS = "iphoneos iphonesimulator";
				SUPPORTS_MACCATALYST = NO;
				SUPPORTS_MAC_DESIGNED_FOR_IPHONE_IPAD = NO;
				SWIFT_EMIT_LOC_STRINGS = YES;
				SWIFT_VERSION = 5.0;
				TARGETED_DEVICE_FAMILY = 1;
			};
			name = Release;
		};
		364F4AAF296B94B300BE87D1 /* Debug */ = {
			isa = XCBuildConfiguration;
			buildSettings = {
				ALWAYS_EMBED_SWIFT_STANDARD_LIBRARIES = YES;
				BUNDLE_LOADER = "$(TEST_HOST)";
				CODE_SIGN_STYLE = Automatic;
				CURRENT_PROJECT_VERSION = 1;
				DEVELOPMENT_TEAM = NZT54R9366;
				GENERATE_INFOPLIST_FILE = YES;
				IPHONEOS_DEPLOYMENT_TARGET = 16.2;
				MARKETING_VERSION = 1.0;
				PRODUCT_BUNDLE_IDENTIFIER = tw.com.annaBegg.GodPractice.GodPracticeTests;
				PRODUCT_NAME = "$(TARGET_NAME)";
				SWIFT_EMIT_LOC_STRINGS = NO;
				SWIFT_VERSION = 5.0;
				TARGETED_DEVICE_FAMILY = "1,2";
				TEST_HOST = "$(BUILT_PRODUCTS_DIR)/GodPractice.app/$(BUNDLE_EXECUTABLE_FOLDER_PATH)/GodPractice";
			};
			name = Debug;
		};
		364F4AB0296B94B300BE87D1 /* Release */ = {
			isa = XCBuildConfiguration;
			buildSettings = {
				ALWAYS_EMBED_SWIFT_STANDARD_LIBRARIES = YES;
				BUNDLE_LOADER = "$(TEST_HOST)";
				CODE_SIGN_STYLE = Automatic;
				CURRENT_PROJECT_VERSION = 1;
				DEVELOPMENT_TEAM = NZT54R9366;
				GENERATE_INFOPLIST_FILE = YES;
				IPHONEOS_DEPLOYMENT_TARGET = 16.2;
				MARKETING_VERSION = 1.0;
				PRODUCT_BUNDLE_IDENTIFIER = tw.com.annaBegg.GodPractice.GodPracticeTests;
				PRODUCT_NAME = "$(TARGET_NAME)";
				SWIFT_EMIT_LOC_STRINGS = NO;
				SWIFT_VERSION = 5.0;
				TARGETED_DEVICE_FAMILY = "1,2";
				TEST_HOST = "$(BUILT_PRODUCTS_DIR)/GodPractice.app/$(BUNDLE_EXECUTABLE_FOLDER_PATH)/GodPractice";
			};
			name = Release;
		};
		364F4AB2296B94B300BE87D1 /* Debug */ = {
			isa = XCBuildConfiguration;
			buildSettings = {
				ALWAYS_EMBED_SWIFT_STANDARD_LIBRARIES = YES;
				CODE_SIGN_STYLE = Automatic;
				CURRENT_PROJECT_VERSION = 1;
				DEVELOPMENT_TEAM = NZT54R9366;
				GENERATE_INFOPLIST_FILE = YES;
				MARKETING_VERSION = 1.0;
				PRODUCT_BUNDLE_IDENTIFIER = tw.com.annaBegg.GodPractice.GodPracticeUITests;
				PRODUCT_NAME = "$(TARGET_NAME)";
				SWIFT_EMIT_LOC_STRINGS = NO;
				SWIFT_VERSION = 5.0;
				TARGETED_DEVICE_FAMILY = "1,2";
				TEST_TARGET_NAME = GodPractice;
			};
			name = Debug;
		};
		364F4AB3296B94B300BE87D1 /* Release */ = {
			isa = XCBuildConfiguration;
			buildSettings = {
				ALWAYS_EMBED_SWIFT_STANDARD_LIBRARIES = YES;
				CODE_SIGN_STYLE = Automatic;
				CURRENT_PROJECT_VERSION = 1;
				DEVELOPMENT_TEAM = NZT54R9366;
				GENERATE_INFOPLIST_FILE = YES;
				MARKETING_VERSION = 1.0;
				PRODUCT_BUNDLE_IDENTIFIER = tw.com.annaBegg.GodPractice.GodPracticeUITests;
				PRODUCT_NAME = "$(TARGET_NAME)";
				SWIFT_EMIT_LOC_STRINGS = NO;
				SWIFT_VERSION = 5.0;
				TARGETED_DEVICE_FAMILY = "1,2";
				TEST_TARGET_NAME = GodPractice;
			};
			name = Release;
		};
/* End XCBuildConfiguration section */

/* Begin XCConfigurationList section */
		364F4A7C296B94B100BE87D1 /* Build configuration list for PBXProject "GodPractice" */ = {
			isa = XCConfigurationList;
			buildConfigurations = (
				364F4AA9296B94B300BE87D1 /* Debug */,
				364F4AAA296B94B300BE87D1 /* Release */,
			);
			defaultConfigurationIsVisible = 0;
			defaultConfigurationName = Release;
		};
		364F4AAB296B94B300BE87D1 /* Build configuration list for PBXNativeTarget "GodPractice" */ = {
			isa = XCConfigurationList;
			buildConfigurations = (
				364F4AAC296B94B300BE87D1 /* Debug */,
				364F4AAD296B94B300BE87D1 /* Release */,
			);
			defaultConfigurationIsVisible = 0;
			defaultConfigurationName = Release;
		};
		364F4AAE296B94B300BE87D1 /* Build configuration list for PBXNativeTarget "GodPracticeTests" */ = {
			isa = XCConfigurationList;
			buildConfigurations = (
				364F4AAF296B94B300BE87D1 /* Debug */,
				364F4AB0296B94B300BE87D1 /* Release */,
			);
			defaultConfigurationIsVisible = 0;
			defaultConfigurationName = Release;
		};
		364F4AB1296B94B300BE87D1 /* Build configuration list for PBXNativeTarget "GodPracticeUITests" */ = {
			isa = XCConfigurationList;
			buildConfigurations = (
				364F4AB2296B94B300BE87D1 /* Debug */,
				364F4AB3296B94B300BE87D1 /* Release */,
			);
			defaultConfigurationIsVisible = 0;
			defaultConfigurationName = Release;
		};
/* End XCConfigurationList section */
	};
	rootObject = 364F4A79296B94B100BE87D1 /* Project object */;
}
